
Microsoft Visual Studio Solution File, Format Version 12.00
# Visual Studio Version 17
VisualStudioVersion = 17.13.35818.85 d17.13
MinimumVisualStudioVersion = 10.0.40219.1
Project("{FAE04EC0-301F-11D3-BF4B-00C04F79EFBC}") = "CoreApi", "CoreApi\CoreApi.csproj", "{E231B0C1-8782-4EA2-853C-D49E61C9FE36}"
EndProject
Project("{FAE04EC0-301F-11D3-BF4B-00C04F79EFBC}") = "MVC_NAV", "MVC_NAV\MVC_NAV.csproj", "{C5EE4577-F5B1-4AC9-A3A9-A949C3A4C811}"
EndProject
Global
	GlobalSection(SolutionConfigurationPlatforms) = preSolution
		Debug|Any CPU = Debug|Any CPU
		Release|Any CPU = Release|Any CPU
	EndGlobalSection
	GlobalSection(ProjectConfigurationPlatforms) = postSolution
		{E231B0C1-8782-4EA2-853C-D49E61C9FE36}.Debug|Any CPU.ActiveCfg = Debug|Any CPU
		{E231B0C1-8782-4EA2-853C-D49E61C9FE36}.Debug|Any CPU.Build.0 = Debug|Any CPU
		{E231B0C1-8782-4EA2-853C-D49E61C9FE36}.Release|Any CPU.ActiveCfg = Release|Any CPU
		{E231B0C1-8782-4EA2-853C-D49E61C9FE36}.Release|Any CPU.Build.0 = Release|Any CPU
		{C5EE4577-F5B1-4AC9-A3A9-A949C3A4C811}.Debug|Any CPU.ActiveCfg = Debug|Any CPU
		{C5EE4577-F5B1-4AC9-A3A9-A949C3A4C811}.Debug|Any CPU.Build.0 = Debug|Any CPU
		{C5EE4577-F5B1-4AC9-A3A9-A949C3A4C811}.Release|Any CPU.ActiveCfg = Release|Any CPU
		{C5EE4577-F5B1-4AC9-A3A9-A949C3A4C811}.Release|Any CPU.Build.0 = Release|Any CPU
	EndGlobalSection
	GlobalSection(SolutionProperties) = preSolution
		HideSolutionNode = FALSE
	EndGlobalSection
	GlobalSection(ExtensibilityGlobals) = postSolution
		SolutionGuid = {D7462708-169D-4780-BDEE-9863BD0F2DE2}
	EndGlobalSection
EndGlobal
